// !$*UTF8*$!
{
	archiveVersion = 1;
	classes = {
	};
	objectVersion = 50;
	objects = {

/* Begin PBXBuildFile section */
		1B825F1D22937CE6005AAB32 /* AppDelegate.swift in Sources */ = {isa = PBXBuildFile; fileRef = 1B825F1C22937CE6005AAB32 /* AppDelegate.swift */; };
		1B825F1F22937CE6005AAB32 /* ViewController.swift in Sources */ = {isa = PBXBuildFile; fileRef = 1B825F1E22937CE6005AAB32 /* ViewController.swift */; };
		1B825F2222937CE6005AAB32 /* Main.storyboard in Resources */ = {isa = PBXBuildFile; fileRef = 1B825F2022937CE6005AAB32 /* Main.storyboard */; };
		1B825F2422937CEC005AAB32 /* Assets.xcassets in Resources */ = {isa = PBXBuildFile; fileRef = 1B825F2322937CEC005AAB32 /* Assets.xcassets */; };
		1B825F2722937CEC005AAB32 /* LaunchScreen.storyboard in Resources */ = {isa = PBXBuildFile; fileRef = 1B825F2522937CEC005AAB32 /* LaunchScreen.storyboard */; };
		1B825F3222937CEC005AAB32 /* MyMemoAppTests.swift in Sources */ = {isa = PBXBuildFile; fileRef = 1B825F3122937CEC005AAB32 /* MyMemoAppTests.swift */; };
		1B825F3D22937CEC005AAB32 /* MyMemoAppUITests.swift in Sources */ = {isa = PBXBuildFile; fileRef = 1B825F3C22937CEC005AAB32 /* MyMemoAppUITests.swift */; };
/* End PBXBuildFile section */

/* Begin PBXContainerItemProxy section */
		1B825F2E22937CEC005AAB32 /* PBXContainerItemProxy */ = {
			isa = PBXContainerItemProxy;
			containerPortal = 1B825F1122937CE5005AAB32 /* Project object */;
			proxyType = 1;
			remoteGlobalIDString = 1B825F1822937CE6005AAB32;
			remoteInfo = MyMemoApp;
		};
		1B825F3922937CEC005AAB32 /* PBXContainerItemProxy */ = {
			isa = PBXContainerItemProxy;
			containerPortal = 1B825F1122937CE5005AAB32 /* Project object */;
			proxyType = 1;
			remoteGlobalIDString = 1B825F1822937CE6005AAB32;
			remoteInfo = MyMemoApp;
		};
/* End PBXContainerItemProxy section */

/* Begin PBXFileReference section */
		1B825F1922937CE6005AAB32 /* MyMemoApp.app */ = {isa = PBXFileReference; explicitFileType = wrapper.application; includeInIndex = 0; path = MyMemoApp.app; sourceTree = BUILT_PRODUCTS_DIR; };
		1B825F1C22937CE6005AAB32 /* AppDelegate.swift */ = {isa = PBXFileReference; lastKnownFileType = sourcecode.swift; path = AppDelegate.swift; sourceTree = "<group>"; };
		1B825F1E22937CE6005AAB32 /* ViewController.swift */ = {isa = PBXFileReference; lastKnownFileType = sourcecode.swift; path = ViewController.swift; sourceTree = "<group>"; };
		1B825F2122937CE6005AAB32 /* Base */ = {isa = PBXFileReference; lastKnownFileType = file.storyboard; name = Base; path = Base.lproj/Main.storyboard; sourceTree = "<group>"; };
		1B825F2322937CEC005AAB32 /* Assets.xcassets */ = {isa = PBXFileReference; lastKnownFileType = folder.assetcatalog; path = Assets.xcassets; sourceTree = "<group>"; };
		1B825F2622937CEC005AAB32 /* Base */ = {isa = PBXFileReference; lastKnownFileType = file.storyboard; name = Base; path = Base.lproj/LaunchScreen.storyboard; sourceTree = "<group>"; };
		1B825F2822937CEC005AAB32 /* Info.plist */ = {isa = PBXFileReference; lastKnownFileType = text.plist.xml; path = Info.plist; sourceTree = "<group>"; };
		1B825F2D22937CEC005AAB32 /* MyMemoAppTests.xctest */ = {isa = PBXFileReference; explicitFileType = wrapper.cfbundle; includeInIndex = 0; path = MyMemoAppTests.xctest; sourceTree = BUILT_PRODUCTS_DIR; };
		1B825F3122937CEC005AAB32 /* MyMemoAppTests.swift */ = {isa = PBXFileReference; lastKnownFileType = sourcecode.swift; path = MyMemoAppTests.swift; sourceTree = "<group>"; };
		1B825F3322937CEC005AAB32 /* Info.plist */ = {isa = PBXFileReference; lastKnownFileType = text.plist.xml; path = Info.plist; sourceTree = "<group>"; };
		1B825F3822937CEC005AAB32 /* MyMemoAppUITests.xctest */ = {isa = PBXFileReference; explicitFileType = wrapper.cfbundle; includeInIndex = 0; path = MyMemoAppUITests.xctest; sourceTree = BUILT_PRODUCTS_DIR; };
		1B825F3C22937CEC005AAB32 /* MyMemoAppUITests.swift */ = {isa = PBXFileReference; lastKnownFileType = sourcecode.swift; path = MyMemoAppUITests.swift; sourceTree = "<group>"; };
		1B825F3E22937CEC005AAB32 /* Info.plist */ = {isa = PBXFileReference; lastKnownFileType = text.plist.xml; path = Info.plist; sourceTree = "<group>"; };
/* End PBXFileReference section */

/* Begin PBXFrameworksBuildPhase section */
		1B825F1622937CE6005AAB32 /* Frameworks */ = {
			isa = PBXFrameworksBuildPhase;
			buildActionMask = 2147483647;
			files = (
			);
			runOnlyForDeploymentPostprocessing = 0;
		};
		1B825F2A22937CEC005AAB32 /* Frameworks */ = {
			isa = PBXFrameworksBuildPhase;
			buildActionMask = 2147483647;
			files = (
			);
			runOnlyForDeploymentPostprocessing = 0;
		};
		1B825F3522937CEC005AAB32 /* Frameworks */ = {
			isa = PBXFrameworksBuildPhase;
			buildActionMask = 2147483647;
			files = (
			);
			runOnlyForDeploymentPostprocessing = 0;
		};
/* End PBXFrameworksBuildPhase section */

/* Begin PBXGroup section */
		1B825F1022937CE5005AAB32 = {
			isa = PBXGroup;
			children = (
				1B825F1B22937CE6005AAB32 /* MyMemoApp */,
				1B825F3022937CEC005AAB32 /* MyMemoAppTests */,
				1B825F3B22937CEC005AAB32 /* MyMemoAppUITests */,
				1B825F1A22937CE6005AAB32 /* Products */,
			);
			sourceTree = "<group>";
		};
		1B825F1A22937CE6005AAB32 /* Products */ = {
			isa = PBXGroup;
			children = (
				1B825F1922937CE6005AAB32 /* MyMemoApp.app */,
				1B825F2D22937CEC005AAB32 /* MyMemoAppTests.xctest */,
				1B825F3822937CEC005AAB32 /* MyMemoAppUITests.xctest */,
			);
			name = Products;
			sourceTree = "<group>";
		};
		1B825F1B22937CE6005AAB32 /* MyMemoApp */ = {
			isa = PBXGroup;
			children = (
				1B825F1C22937CE6005AAB32 /* AppDelegate.swift */,
				1B825F1E22937CE6005AAB32 /* ViewController.swift */,
				1B825F2022937CE6005AAB32 /* Main.storyboard */,
				1B825F2322937CEC005AAB32 /* Assets.xcassets */,
				1B825F2522937CEC005AAB32 /* LaunchScreen.storyboard */,
				1B825F2822937CEC005AAB32 /* Info.plist */,
			);
			path = MyMemoApp;
			sourceTree = "<group>";
		};
		1B825F3022937CEC005AAB32 /* MyMemoAppTests */ = {
			isa = PBXGroup;
			children = (
				1B825F3122937CEC005AAB32 /* MyMemoAppTests.swift */,
				1B825F3322937CEC005AAB32 /* Info.plist */,
			);
			path = MyMemoAppTests;
			sourceTree = "<group>";
		};
		1B825F3B22937CEC005AAB32 /* MyMemoAppUITests */ = {
			isa = PBXGroup;
			children = (
				1B825F3C22937CEC005AAB32 /* MyMemoAppUITests.swift */,
				1B825F3E22937CEC005AAB32 /* Info.plist */,
			);
			path = MyMemoAppUITests;
			sourceTree = "<group>";
		};
/* End PBXGroup section */

/* Begin PBXNativeTarget section */
		1B825F1822937CE6005AAB32 /* MyMemoApp */ = {
			isa = PBXNativeTarget;
			buildConfigurationList = 1B825F4122937CEC005AAB32 /* Build configuration list for PBXNativeTarget "MyMemoApp" */;
			buildPhases = (
				1B825F1522937CE6005AAB32 /* Sources */,
				1B825F1622937CE6005AAB32 /* Frameworks */,
				1B825F1722937CE6005AAB32 /* Resources */,
			);
			buildRules = (
			);
			dependencies = (
			);
			name = MyMemoApp;
			productName = MyMemoApp;
			productReference = 1B825F1922937CE6005AAB32 /* MyMemoApp.app */;
			productType = "com.apple.product-type.application";
		};
		1B825F2C22937CEC005AAB32 /* MyMemoAppTests */ = {
			isa = PBXNativeTarget;
			buildConfigurationList = 1B825F4422937CEC005AAB32 /* Build configuration list for PBXNativeTarget "MyMemoAppTests" */;
			buildPhases = (
				1B825F2922937CEC005AAB32 /* Sources */,
				1B825F2A22937CEC005AAB32 /* Frameworks */,
				1B825F2B22937CEC005AAB32 /* Resources */,
			);
			buildRules = (
			);
			dependencies = (
				1B825F2F22937CEC005AAB32 /* PBXTargetDependency */,
			);
			name = MyMemoAppTests;
			productName = MyMemoAppTests;
			productReference = 1B825F2D22937CEC005AAB32 /* MyMemoAppTests.xctest */;
			productType = "com.apple.product-type.bundle.unit-test";
		};
		1B825F3722937CEC005AAB32 /* MyMemoAppUITests */ = {
			isa = PBXNativeTarget;
			buildConfigurationList = 1B825F4722937CEC005AAB32 /* Build configuration list for PBXNativeTarget "MyMemoAppUITests" */;
			buildPhases = (
				1B825F3422937CEC005AAB32 /* Sources */,
				1B825F3522937CEC005AAB32 /* Frameworks */,
				1B825F3622937CEC005AAB32 /* Resources */,
			);
			buildRules = (
			);
			dependencies = (
				1B825F3A22937CEC005AAB32 /* PBXTargetDependency */,
			);
			name = MyMemoAppUITests;
			productName = MyMemoAppUITests;
			productReference = 1B825F3822937CEC005AAB32 /* MyMemoAppUITests.xctest */;
			productType = "com.apple.product-type.bundle.ui-testing";
		};
/* End PBXNativeTarget section */

/* Begin PBXProject section */
		1B825F1122937CE5005AAB32 /* Project object */ = {
			isa = PBXProject;
			attributes = {
				LastSwiftUpdateCheck = 1020;
				LastUpgradeCheck = 1020;
				ORGANIZATIONNAME = "Yoshinobu Yamada";
				TargetAttributes = {
					1B825F1822937CE6005AAB32 = {
						CreatedOnToolsVersion = 10.2.1;
					};
					1B825F2C22937CEC005AAB32 = {
						CreatedOnToolsVersion = 10.2.1;
						TestTargetID = 1B825F1822937CE6005AAB32;
					};
					1B825F3722937CEC005AAB32 = {
						CreatedOnToolsVersion = 10.2.1;
						TestTargetID = 1B825F1822937CE6005AAB32;
					};
				};
			};
			buildConfigurationList = 1B825F1422937CE5005AAB32 /* Build configuration list for PBXProject "MyMemoApp" */;
			compatibilityVersion = "Xcode 9.3";
			developmentRegion = en;
			hasScannedForEncodings = 0;
			knownRegions = (
				en,
				Base,
			);
			mainGroup = 1B825F1022937CE5005AAB32;
			productRefGroup = 1B825F1A22937CE6005AAB32 /* Products */;
			projectDirPath = "";
			projectRoot = "";
			targets = (
				1B825F1822937CE6005AAB32 /* MyMemoApp */,
				1B825F2C22937CEC005AAB32 /* MyMemoAppTests */,
				1B825F3722937CEC005AAB32 /* MyMemoAppUITests */,
			);
		};
/* End PBXProject section */

/* Begin PBXResourcesBuildPhase section */
		1B825F1722937CE6005AAB32 /* Resources */ = {
			isa = PBXResourcesBuildPhase;
			buildActionMask = 2147483647;
			files = (
				1B825F2722937CEC005AAB32 /* LaunchScreen.storyboard in Resources */,
				1B825F2422937CEC005AAB32 /* Assets.xcassets in Resources */,
				1B825F2222937CE6005AAB32 /* Main.storyboard in Resources */,
			);
			runOnlyForDeploymentPostprocessing = 0;
		};
		1B825F2B22937CEC005AAB32 /* Resources */ = {
			isa = PBXResourcesBuildPhase;
			buildActionMask = 2147483647;
			files = (
			);
			runOnlyForDeploymentPostprocessing = 0;
		};
		1B825F3622937CEC005AAB32 /* Resources */ = {
			isa = PBXResourcesBuildPhase;
			buildActionMask = 2147483647;
			files = (
			);
			runOnlyForDeploymentPostprocessing = 0;
		};
/* End PBXResourcesBuildPhase section */

/* Begin PBXSourcesBuildPhase section */
		1B825F1522937CE6005AAB32 /* Sources */ = {
			isa = PBXSourcesBuildPhase;
			buildActionMask = 2147483647;
			files = (
				1B825F1F22937CE6005AAB32 /* ViewController.swift in Sources */,
				1B825F1D22937CE6005AAB32 /* AppDelegate.swift in Sources */,
			);
			runOnlyForDeploymentPostprocessing = 0;
		};
		1B825F2922937CEC005AAB32 /* Sources */ = {
			isa = PBXSourcesBuildPhase;
			buildActionMask = 2147483647;
			files = (
				1B825F3222937CEC005AAB32 /* MyMemoAppTests.swift in Sources */,
			);
			runOnlyForDeploymentPostprocessing = 0;
		};
		1B825F3422937CEC005AAB32 /* Sources */ = {
			isa = PBXSourcesBuildPhase;
			buildActionMask = 2147483647;
			files = (
				1B825F3D22937CEC005AAB32 /* MyMemoAppUITests.swift in Sources */,
			);
			runOnlyForDeploymentPostprocessing = 0;
		};
/* End PBXSourcesBuildPhase section */

/* Begin PBXTargetDependency section */
		1B825F2F22937CEC005AAB32 /* PBXTargetDependency */ = {
			isa = PBXTargetDependency;
			target = 1B825F1822937CE6005AAB32 /* MyMemoApp */;
			targetProxy = 1B825F2E22937CEC005AAB32 /* PBXContainerItemProxy */;
		};
		1B825F3A22937CEC005AAB32 /* PBXTargetDependency */ = {
			isa = PBXTargetDependency;
			target = 1B825F1822937CE6005AAB32 /* MyMemoApp */;
			targetProxy = 1B825F3922937CEC005AAB32 /* PBXContainerItemProxy */;
		};
/* End PBXTargetDependency section */

/* Begin PBXVariantGroup section */
		1B825F2022937CE6005AAB32 /* Main.storyboard */ = {
			isa = PBXVariantGroup;
			children = (
				1B825F2122937CE6005AAB32 /* Base */,
			);
			name = Main.storyboard;
			sourceTree = "<group>";
		};
		1B825F2522937CEC005AAB32 /* LaunchScreen.storyboard */ = {
			isa = PBXVariantGroup;
			children = (
				1B825F2622937CEC005AAB32 /* Base */,
			);
			name = LaunchScreen.storyboard;
			sourceTree = "<group>";
		};
/* End PBXVariantGroup section */

/* Begin XCBuildConfiguration section */
		1B825F3F22937CEC005AAB32 /* Debug */ = {
			isa = XCBuildConfiguration;
			buildSettings = {
				ALWAYS_SEARCH_USER_PATHS = NO;
				CLANG_ANALYZER_NONNULL = YES;
				CLANG_ANALYZER_NUMBER_OBJECT_CONVERSION = YES_AGGRESSIVE;
				CLANG_CXX_LANGUAGE_STANDARD = "gnu++14";
				CLANG_CXX_LIBRARY = "libc++";
				CLANG_ENABLE_MODULES = YES;
				CLANG_ENABLE_OBJC_ARC = YES;
				CLANG_ENABLE_OBJC_WEAK = YES;
				CLANG_WARN_BLOCK_CAPTURE_AUTORELEASING = YES;
				CLANG_WARN_BOOL_CONVERSION = YES;
				CLANG_WARN_COMMA = YES;
				CLANG_WARN_CONSTANT_CONVERSION = YES;
				CLANG_WARN_DEPRECATED_OBJC_IMPLEMENTATIONS = YES;
				CLANG_WARN_DIRECT_OBJC_ISA_USAGE = YES_ERROR;
				CLANG_WARN_DOCUMENTATION_COMMENTS = YES;
				CLANG_WARN_EMPTY_BODY = YES;
				CLANG_WARN_ENUM_CONVERSION = YES;
				CLANG_WARN_INFINITE_RECURSION = YES;
				CLANG_WARN_INT_CONVERSION = YES;
				CLANG_WARN_NON_LITERAL_NULL_CONVERSION = YES;
				CLANG_WARN_OBJC_IMPLICIT_RETAIN_SELF = YES;
				CLANG_WARN_OBJC_LITERAL_CONVERSION = YES;
				CLANG_WARN_OBJC_ROOT_CLASS = YES_ERROR;
				CLANG_WARN_RANGE_LOOP_ANALYSIS = YES;
				CLANG_WARN_STRICT_PROTOTYPES = YES;
				CLANG_WARN_SUSPICIOUS_MOVE = YES;
				CLANG_WARN_UNGUARDED_AVAILABILITY = YES_AGGRESSIVE;
				CLANG_WARN_UNREACHABLE_CODE = YES;
				CLANG_WARN__DUPLICATE_METHOD_MATCH = YES;
				CODE_SIGN_IDENTITY = "iPhone Developer";
				COPY_PHASE_STRIP = NO;
				DEBUG_INFORMATION_FORMAT = dwarf;
				ENABLE_STRICT_OBJC_MSGSEND = YES;
				ENABLE_TESTABILITY = YES;
				GCC_C_LANGUAGE_STANDARD = gnu11;
				GCC_DYNAMIC_NO_PIC = NO;
				GCC_NO_COMMON_BLOCKS = YES;
				GCC_OPTIMIZATION_LEVEL = 0;
				GCC_PREPROCESSOR_DEFINITIONS = (
					"DEBUG=1",
					"$(inherited)",
				);
				GCC_WARN_64_TO_32_BIT_CONVERSION = YES;
				GCC_WARN_ABOUT_RETURN_TYPE = YES_ERROR;
				GCC_WARN_UNDECLARED_SELECTOR = YES;
				GCC_WARN_UNINITIALIZED_AUTOS = YES_AGGRESSIVE;
				GCC_WARN_UNUSED_FUNCTION = YES;
				GCC_WARN_UNUSED_VARIABLE = YES;
				IPHONEOS_DEPLOYMENT_TARGET = 12.2;
				MTL_ENABLE_DEBUG_INFO = INCLUDE_SOURCE;
				MTL_FAST_MATH = YES;
				ONLY_ACTIVE_ARCH = YES;
				SDKROOT = iphoneos;
				SWIFT_ACTIVE_COMPILATION_CONDITIONS = DEBUG;
				SWIFT_OPTIMIZATION_LEVEL = "-Onone";
			};
			name = Debug;
		};
		1B825F4022937CEC005AAB32 /* Release */ = {
			isa = XCBuildConfiguration;
			buildSettings = {
				ALWAYS_SEARCH_USER_PATHS = NO;
				CLANG_ANALYZER_NONNULL = YES;
				CLANG_ANALYZER_NUMBER_OBJECT_CONVERSION = YES_AGGRESSIVE;
				CLANG_CXX_LANGUAGE_STANDARD = "gnu++14";
				CLANG_CXX_LIBRARY = "libc++";
				CLANG_ENABLE_MODULES = YES;
				CLANG_ENABLE_OBJC_ARC = YES;
				CLANG_ENABLE_OBJC_WEAK = YES;
				CLANG_WARN_BLOCK_CAPTURE_AUTORELEASING = YES;
				CLANG_WARN_BOOL_CONVERSION = YES;
				CLANG_WARN_COMMA = YES;
				CLANG_WARN_CONSTANT_CONVERSION = YES;
				CLANG_WARN_DEPRECATED_OBJC_IMPLEMENTATIONS = YES;
				CLANG_WARN_DIRECT_OBJC_ISA_USAGE = YES_ERROR;
				CLANG_WARN_DOCUMENTATION_COMMENTS = YES;
				CLANG_WARN_EMPTY_BODY = YES;
				CLANG_WARN_ENUM_CONVERSION = YES;
				CLANG_WARN_INFINITE_RECURSION = YES;
				CLANG_WARN_INT_CONVERSION = YES;
				CLANG_WARN_NON_LITERAL_NULL_CONVERSION = YES;
				CLANG_WARN_OBJC_IMPLICIT_RETAIN_SELF = YES;
				CLANG_WARN_OBJC_LITERAL_CONVERSION = YES;
				CLANG_WARN_OBJC_ROOT_CLASS = YES_ERROR;
				CLANG_WARN_RANGE_LOOP_ANALYSIS = YES;
				CLANG_WARN_STRICT_PROTOTYPES = YES;
				CLANG_WARN_SUSPICIOUS_MOVE = YES;
				CLANG_WARN_UNGUARDED_AVAILABILITY = YES_AGGRESSIVE;
				CLANG_WARN_UNREACHABLE_CODE = YES;
				CLANG_WARN__DUPLICATE_METHOD_MATCH = YES;
				CODE_SIGN_IDENTITY = "iPhone Developer";
				COPY_PHASE_STRIP = NO;
				DEBUG_INFORMATION_FORMAT = "dwarf-with-dsym";
				ENABLE_NS_ASSERTIONS = NO;
				ENABLE_STRICT_OBJC_MSGSEND = YES;
				GCC_C_LANGUAGE_STANDARD = gnu11;
				GCC_NO_COMMON_BLOCKS = YES;
				GCC_WARN_64_TO_32_BIT_CONVERSION = YES;
				GCC_WARN_ABOUT_RETURN_TYPE = YES_ERROR;
				GCC_WARN_UNDECLARED_SELECTOR = YES;
				GCC_WARN_UNINITIALIZED_AUTOS = YES_AGGRESSIVE;
				GCC_WARN_UNUSED_FUNCTION = YES;
				GCC_WARN_UNUSED_VARIABLE = YES;
				IPHONEOS_DEPLOYMENT_TARGET = 12.2;
				MTL_ENABLE_DEBUG_INFO = NO;
				MTL_FAST_MATH = YES;
				SDKROOT = iphoneos;
				SWIFT_COMPILATION_MODE = wholemodule;
				SWIFT_OPTIMIZATION_LEVEL = "-O";
				VALIDATE_PRODUCT = YES;
			};
			name = Release;
		};
		1B825F4222937CEC005AAB32 /* Debug */ = {
			isa = XCBuildConfiguration;
			buildSettings = {
				ASSETCATALOG_COMPILER_APPICON_NAME = AppIcon;
				CODE_SIGN_STYLE = Automatic;
				INFOPLIST_FILE = MyMemoApp/Info.plist;
				LD_RUNPATH_SEARCH_PATHS = (
					"$(inherited)",
					"@executable_path/Frameworks",
				);
				PRODUCT_BUNDLE_IDENTIFIER = com.yyamada.MyMemoApp;
				PRODUCT_NAME = "$(TARGET_NAME)";
				SWIFT_VERSION = 5.0;
				TARGETED_DEVICE_FAMILY = "1,2";
			};
			name = Debug;
		};
		1B825F4322937CEC005AAB32 /* Release */ = {
			isa = XCBuildConfiguration;
			buildSettings = {
				ASSETCATALOG_COMPILER_APPICON_NAME = AppIcon;
				CODE_SIGN_STYLE = Automatic;
				INFOPLIST_FILE = MyMemoApp/Info.plist;
				LD_RUNPATH_SEARCH_PATHS = (
					"$(inherited)",
					"@executable_path/Frameworks",
				);
				PRODUCT_BUNDLE_IDENTIFIER = com.yyamada.MyMemoApp;
				PRODUCT_NAME = "$(TARGET_NAME)";
				SWIFT_VERSION = 5.0;
				TARGETED_DEVICE_FAMILY = "1,2";
			};
			name = Release;
		};
		1B825F4522937CEC005AAB32 /* Debug */ = {
			isa = XCBuildConfiguration;
			buildSettings = {
				ALWAYS_EMBED_SWIFT_STANDARD_LIBRARIES = YES;
				BUNDLE_LOADER = "$(TEST_HOST)";
				CODE_SIGN_STYLE = Automatic;
				INFOPLIST_FILE = MyMemoAppTests/Info.plist;
				LD_RUNPATH_SEARCH_PATHS = (
					"$(inherited)",
					"@executable_path/Frameworks",
					"@loader_path/Frameworks",
				);
				PRODUCT_BUNDLE_IDENTIFIER = com.yyamada.MyMemoAppTests;
				PRODUCT_NAME = "$(TARGET_NAME)";
				SWIFT_VERSION = 5.0;
				TARGETED_DEVICE_FAMILY = "1,2";
				TEST_HOST = "$(BUILT_PRODUCTS_DIR)/MyMemoApp.app/MyMemoApp";
			};
			name = Debug;
		};
		1B825F4622937CEC005AAB32 /* Release */ = {
			isa = XCBuildConfiguration;
			buildSettings = {
				ALWAYS_EMBED_SWIFT_STANDARD_LIBRARIES = YES;
				BUNDLE_LOADER = "$(TEST_HOST)";
				CODE_SIGN_STYLE = Automatic;
				INFOPLIST_FILE = MyMemoAppTests/Info.plist;
				LD_RUNPATH_SEARCH_PATHS = (
					"$(inherited)",
					"@executable_path/Frameworks",
					"@loader_path/Frameworks",
				);
				PRODUCT_BUNDLE_IDENTIFIER = com.yyamada.MyMemoAppTests;
				PRODUCT_NAME = "$(TARGET_NAME)";
				SWIFT_VERSION = 5.0;
				TARGETED_DEVICE_FAMILY = "1,2";
				TEST_HOST = "$(BUILT_PRODUCTS_DIR)/MyMemoApp.app/MyMemoApp";
			};
			name = Release;
		};
		1B825F4822937CEC005AAB32 /* Debug */ = {
			isa = XCBuildConfiguration;
			buildSettings = {
				ALWAYS_EMBED_SWIFT_STANDARD_LIBRARIES = YES;
				CODE_SIGN_STYLE = Automatic;
				INFOPLIST_FILE = MyMemoAppUITests/Info.plist;
				LD_RUNPATH_SEARCH_PATHS = (
					"$(inherited)",
					"@executable_path/Frameworks",
					"@loader_path/Frameworks",
				);
				PRODUCT_BUNDLE_IDENTIFIER = com.yyamada.MyMemoAppUITests;
				PRODUCT_NAME = "$(TARGET_NAME)";
				SWIFT_VERSION = 5.0;
				TARGETED_DEVICE_FAMILY = "1,2";
				TEST_TARGET_NAME = MyMemoApp;
			};
			name = Debug;
		};
		1B825F4922937CEC005AAB32 /* Release */ = {
			isa = XCBuildConfiguration;
			buildSettings = {
				ALWAYS_EMBED_SWIFT_STANDARD_LIBRARIES = YES;
				CODE_SIGN_STYLE = Automatic;
				INFOPLIST_FILE = MyMemoAppUITests/Info.plist;
				LD_RUNPATH_SEARCH_PATHS = (
					"$(inherited)",
					"@executable_path/Frameworks",
					"@loader_path/Frameworks",
				);
				PRODUCT_BUNDLE_IDENTIFIER = com.yyamada.MyMemoAppUITests;
				PRODUCT_NAME = "$(TARGET_NAME)";
				SWIFT_VERSION = 5.0;
				TARGETED_DEVICE_FAMILY = "1,2";
				TEST_TARGET_NAME = MyMemoApp;
			};
			name = Release;
		};
/* End XCBuildConfiguration section */

/* Begin XCConfigurationList section */
		1B825F1422937CE5005AAB32 /* Build configuration list for PBXProject "MyMemoApp" */ = {
			isa = XCConfigurationList;
			buildConfigurations = (
				1B825F3F22937CEC005AAB32 /* Debug */,
				1B825F4022937CEC005AAB32 /* Release */,
			);
			defaultConfigurationIsVisible = 0;
			defaultConfigurationName = Release;
		};
		1B825F4122937CEC005AAB32 /* Build configuration list for PBXNativeTarget "MyMemoApp" */ = {
			isa = XCConfigurationList;
			buildConfigurations = (
				1B825F4222937CEC005AAB32 /* Debug */,
				1B825F4322937CEC005AAB32 /* Release */,
			);
			defaultConfigurationIsVisible = 0;
			defaultConfigurationName = Release;
		};
		1B825F4422937CEC005AAB32 /* Build configuration list for PBXNativeTarget "MyMemoAppTests" */ = {
			isa = XCConfigurationList;
			buildConfigurations = (
				1B825F4522937CEC005AAB32 /* Debug */,
				1B825F4622937CEC005AAB32 /* Release */,
			);
			defaultConfigurationIsVisible = 0;
			defaultConfigurationName = Release;
		};
		1B825F4722937CEC005AAB32 /* Build configuration list for PBXNativeTarget "MyMemoAppUITests" */ = {
			isa = XCConfigurationList;
			buildConfigurations = (
				1B825F4822937CEC005AAB32 /* Debug */,
				1B825F4922937CEC005AAB32 /* Release */,
			);
			defaultConfigurationIsVisible = 0;
			defaultConfigurationName = Release;
		};
/* End XCConfigurationList section */
	};
	rootObject = 1B825F1122937CE5005AAB32 /* Project object */;
}
